
Microsoft Visual Studio Solution File, Format Version 12.00
# Visual Studio 2013
VisualStudioVersion = 12.0.21005.1
MinimumVisualStudioVersion = 10.0.40219.1
Project("{8BC9CEB8-8B4A-11D0-8D11-00A0C91BC942}") = "Patcher", "PatchGenerator\Patcher.vcxproj", "{AD1F4FCC-0766-4D1E-8041-F562AABD6BF7}"
EndProject
Project("{8BC9CEB8-8B4A-11D0-8D11-00A0C91BC942}") = "Launcher", "Launcher\Launcher.vcxproj", "{7EB2EFD8-F694-4976-8190-8D6091744968}"
EndProject
Global
	GlobalSection(SolutionConfigurationPlatforms) = preSolution
		Debug and Local Test|Win32 = Debug and Local Test|Win32
		Debug|Win32 = Debug|Win32
		Release|Win32 = Release|Win32
	EndGlobalSection
	GlobalSection(ProjectConfigurationPlatforms) = postSolution
		{AD1F4FCC-0766-4D1E-8041-F562AABD6BF7}.Debug and Local Test|Win32.ActiveCfg = Debug|Win32
		{AD1F4FCC-0766-4D1E-8041-F562AABD6BF7}.Debug|Win32.ActiveCfg = Debug|Win32
		{AD1F4FCC-0766-4D1E-8041-F562AABD6BF7}.Debug|Win32.Build.0 = Debug|Win32
		{AD1F4FCC-0766-4D1E-8041-F562AABD6BF7}.Release|Win32.ActiveCfg = Release|Win32
		{AD1F4FCC-0766-4D1E-8041-F562AABD6BF7}.Release|Win32.Build.0 = Release|Win32
		{7EB2EFD8-F694-4976-8190-8D6091744968}.Debug and Local Test|Win32.ActiveCfg = Debug|Win32
		{7EB2EFD8-F694-4976-8190-8D6091744968}.Debug and Local Test|Win32.Build.0 = Debug|Win32
		{7EB2EFD8-F694-4976-8190-8D6091744968}.Debug|Win32.ActiveCfg = Debug|Win32
		{7EB2EFD8-F694-4976-8190-8D6091744968}.Debug|Win32.Build.0 = Debug|Win32
		{7EB2EFD8-F694-4976-8190-8D6091744968}.Release|Win32.ActiveCfg = Release|Win32
		{7EB2EFD8-F694-4976-8190-8D6091744968}.Release|Win32.Build.0 = Release|Win32
	EndGlobalSection
	GlobalSection(SolutionProperties) = preSolution
		HideSolutionNode = FALSE
	EndGlobalSection
EndGlobal
